
Microsoft Visual Studio Solution File, Format Version 12.00
# Visual Studio Version 16
VisualStudioVersion = 16.0.29409.12
MinimumVisualStudioVersion = 10.0.40219.1
Project("{8BC9CEB8-8B4A-11D0-8D11-00A0C91BC942}") = "多态", "多态\多态.vcxproj", "{8EF128A8-6B62-4FE2-995E-3499B5EF6297}"
EndProject
Global
	GlobalSection(SolutionConfigurationPlatforms) = preSolution
		Debug|x64 = Debug|x64
		Debug|x86 = Debug|x86
		Release|x64 = Release|x64
		Release|x86 = Release|x86
	EndGlobalSection
	GlobalSection(ProjectConfigurationPlatforms) = postSolution
		{8EF128A8-6B62-4FE2-995E-3499B5EF6297}.Debug|x64.ActiveCfg = Debug|x64
		{8EF128A8-6B62-4FE2-995E-3499B5EF6297}.Debug|x64.Build.0 = Debug|x64
		{8EF128A8-6B62-4FE2-995E-3499B5EF6297}.Debug|x86.ActiveCfg = Debug|Win32
		{8EF128A8-6B62-4FE2-995E-3499B5EF6297}.Debug|x86.Build.0 = Debug|Win32
		{8EF128A8-6B62-4FE2-995E-3499B5EF6297}.Release|x64.ActiveCfg = Release|x64
		{8EF128A8-6B62-4FE2-995E-3499B5EF6297}.Release|x64.Build.0 = Release|x64
		{8EF128A8-6B62-4FE2-995E-3499B5EF6297}.Release|x86.ActiveCfg = Release|Win32
		{8EF128A8-6B62-4FE2-995E-3499B5EF6297}.Release|x86.Build.0 = Release|Win32
	EndGlobalSection
	GlobalSection(SolutionProperties) = preSolution
		HideSolutionNode = FALSE
	EndGlobalSection
	GlobalSection(ExtensibilityGlobals) = postSolution
		SolutionGuid = {E788D368-9DFA-418B-8DB3-D4FFF74F92FC}
	EndGlobalSection
EndGlobal
